
Microsoft Visual Studio Solution File, Format Version 12.00
# Visual Studio Version 17
VisualStudioVersion = 17.11.35303.130
MinimumVisualStudioVersion = 10.0.40219.1
Project("{FAE04EC0-301F-11D3-BF4B-00C04F79EFBC}") = "CustomersAPI", "CustomersAPI.csproj", "{10CECF7C-4C01-4FE5-B216-FD69852BA3A1}"
EndProject
Global
	GlobalSection(SolutionConfigurationPlatforms) = preSolution
		Debug|Any CPU = Debug|Any CPU
		Release|Any CPU = Release|Any CPU
	EndGlobalSection
	GlobalSection(ProjectConfigurationPlatforms) = postSolution
		{10CECF7C-4C01-4FE5-B216-FD69852BA3A1}.Debug|Any CPU.ActiveCfg = Debug|Any CPU
		{10CECF7C-4C01-4FE5-B216-FD69852BA3A1}.Debug|Any CPU.Build.0 = Debug|Any CPU
		{10CECF7C-4C01-4FE5-B216-FD69852BA3A1}.Release|Any CPU.ActiveCfg = Release|Any CPU
		{10CECF7C-4C01-4FE5-B216-FD69852BA3A1}.Release|Any CPU.Build.0 = Release|Any CPU
	EndGlobalSection
	GlobalSection(SolutionProperties) = preSolution
		HideSolutionNode = FALSE
	EndGlobalSection
	GlobalSection(ExtensibilityGlobals) = postSolution
		SolutionGuid = {7D60A921-070C-4C59-9650-03B5D58B735A}
	EndGlobalSection
EndGlobal
